// !$*UTF8*$!
{
	archiveVersion = 1;
	classes = {
	};
	objectVersion = 46;
	objects = {

/* Begin PBXBuildFile section */
		54F2F0041B7A0DF800D0C6BB /* AppDelegate.swift in Sources */ = {isa = PBXBuildFile; fileRef = 54F2F0031B7A0DF800D0C6BB /* AppDelegate.swift */; };
		54F2F0061B7A0DF800D0C6BB /* ViewController.swift in Sources */ = {isa = PBXBuildFile; fileRef = 54F2F0051B7A0DF800D0C6BB /* ViewController.swift */; };
		54F2F0091B7A0DF800D0C6BB /* Main.storyboard in Resources */ = {isa = PBXBuildFile; fileRef = 54F2F0071B7A0DF800D0C6BB /* Main.storyboard */; };
		54F2F00B1B7A0DF800D0C6BB /* Images.xcassets in Resources */ = {isa = PBXBuildFile; fileRef = 54F2F00A1B7A0DF800D0C6BB /* Images.xcassets */; };
		54F2F00E1B7A0DF800D0C6BB /* LaunchScreen.xib in Resources */ = {isa = PBXBuildFile; fileRef = 54F2F00C1B7A0DF800D0C6BB /* LaunchScreen.xib */; };
		54F2F01A1B7A0DF800D0C6BB /* TipCalculatorTests.swift in Sources */ = {isa = PBXBuildFile; fileRef = 54F2F0191B7A0DF800D0C6BB /* TipCalculatorTests.swift */; };
/* End PBXBuildFile section */

/* Begin PBXContainerItemProxy section */
		54F2F0141B7A0DF800D0C6BB /* PBXContainerItemProxy */ = {
			isa = PBXContainerItemProxy;
			containerPortal = 54F2EFF61B7A0DF800D0C6BB /* Project object */;
			proxyType = 1;
			remoteGlobalIDString = 54F2EFFD1B7A0DF800D0C6BB;
			remoteInfo = TipCalculator;
		};
/* End PBXContainerItemProxy section */

/* Begin PBXFileReference section */
		54F2EFFE1B7A0DF800D0C6BB /* TipCalculator.app */ = {isa = PBXFileReference; explicitFileType = wrapper.application; includeInIndex = 0; path = TipCalculator.app; sourceTree = BUILT_PRODUCTS_DIR; };
		54F2F0021B7A0DF800D0C6BB /* Info.plist */ = {isa = PBXFileReference; lastKnownFileType = text.plist.xml; path = Info.plist; sourceTree = "<group>"; };
		54F2F0031B7A0DF800D0C6BB /* AppDelegate.swift */ = {isa = PBXFileReference; lastKnownFileType = sourcecode.swift; path = AppDelegate.swift; sourceTree = "<group>"; };
		54F2F0051B7A0DF800D0C6BB /* ViewController.swift */ = {isa = PBXFileReference; lastKnownFileType = sourcecode.swift; path = ViewController.swift; sourceTree = "<group>"; };
		54F2F0081B7A0DF800D0C6BB /* Base */ = {isa = PBXFileReference; lastKnownFileType = file.storyboard; name = Base; path = Base.lproj/Main.storyboard; sourceTree = "<group>"; };
		54F2F00A1B7A0DF800D0C6BB /* Images.xcassets */ = {isa = PBXFileReference; lastKnownFileType = folder.assetcatalog; path = Images.xcassets; sourceTree = "<group>"; };
		54F2F00D1B7A0DF800D0C6BB /* Base */ = {isa = PBXFileReference; lastKnownFileType = file.xib; name = Base; path = Base.lproj/LaunchScreen.xib; sourceTree = "<group>"; };
		54F2F0131B7A0DF800D0C6BB /* TipCalculatorTests.xctest */ = {isa = PBXFileReference; explicitFileType = wrapper.cfbundle; includeInIndex = 0; path = TipCalculatorTests.xctest; sourceTree = BUILT_PRODUCTS_DIR; };
		54F2F0181B7A0DF800D0C6BB /* Info.plist */ = {isa = PBXFileReference; lastKnownFileType = text.plist.xml; path = Info.plist; sourceTree = "<group>"; };
		54F2F0191B7A0DF800D0C6BB /* TipCalculatorTests.swift */ = {isa = PBXFileReference; lastKnownFileType = sourcecode.swift; path = TipCalculatorTests.swift; sourceTree = "<group>"; };
/* End PBXFileReference section */

/* Begin PBXFrameworksBuildPhase section */
		54F2EFFB1B7A0DF800D0C6BB /* Frameworks */ = {
			isa = PBXFrameworksBuildPhase;
			buildActionMask = 2147483647;
			files = (
			);
			runOnlyForDeploymentPostprocessing = 0;
		};
		54F2F0101B7A0DF800D0C6BB /* Frameworks */ = {
			isa = PBXFrameworksBuildPhase;
			buildActionMask = 2147483647;
			files = (
			);
			runOnlyForDeploymentPostprocessing = 0;
		};
/* End PBXFrameworksBuildPhase section */

/* Begin PBXGroup section */
		54F2EFF51B7A0DF800D0C6BB = {
			isa = PBXGroup;
			children = (
				54F2F0001B7A0DF800D0C6BB /* TipCalculator */,
				54F2F0161B7A0DF800D0C6BB /* TipCalculatorTests */,
				54F2EFFF1B7A0DF800D0C6BB /* Products */,
			);
			sourceTree = "<group>";
		};
		54F2EFFF1B7A0DF800D0C6BB /* Products */ = {
			isa = PBXGroup;
			children = (
				54F2EFFE1B7A0DF800D0C6BB /* TipCalculator.app */,
				54F2F0131B7A0DF800D0C6BB /* TipCalculatorTests.xctest */,
			);
			name = Products;
			sourceTree = "<group>";
		};
		54F2F0001B7A0DF800D0C6BB /* TipCalculator */ = {
			isa = PBXGroup;
			children = (
				54F2F0031B7A0DF800D0C6BB /* AppDelegate.swift */,
				54F2F0051B7A0DF800D0C6BB /* ViewController.swift */,
				54F2F0071B7A0DF800D0C6BB /* Main.storyboard */,
				54F2F00A1B7A0DF800D0C6BB /* Images.xcassets */,
				54F2F00C1B7A0DF800D0C6BB /* LaunchScreen.xib */,
				54F2F0011B7A0DF800D0C6BB /* Supporting Files */,
			);
			path = TipCalculator;
			sourceTree = "<group>";
		};
		54F2F0011B7A0DF800D0C6BB /* Supporting Files */ = {
			isa = PBXGroup;
			children = (
				54F2F0021B7A0DF800D0C6BB /* Info.plist */,
			);
			name = "Supporting Files";
			sourceTree = "<group>";
		};
		54F2F0161B7A0DF800D0C6BB /* TipCalculatorTests */ = {
			isa = PBXGroup;
			children = (
				54F2F0191B7A0DF800D0C6BB /* TipCalculatorTests.swift */,
				54F2F0171B7A0DF800D0C6BB /* Supporting Files */,
			);
			path = TipCalculatorTests;
			sourceTree = "<group>";
		};
		54F2F0171B7A0DF800D0C6BB /* Supporting Files */ = {
			isa = PBXGroup;
			children = (
				54F2F0181B7A0DF800D0C6BB /* Info.plist */,
			);
			name = "Supporting Files";
			sourceTree = "<group>";
		};
/* End PBXGroup section */

/* Begin PBXNativeTarget section */
		54F2EFFD1B7A0DF800D0C6BB /* TipCalculator */ = {
			isa = PBXNativeTarget;
			buildConfigurationList = 54F2F01D1B7A0DF800D0C6BB /* Build configuration list for PBXNativeTarget "TipCalculator" */;
			buildPhases = (
				54F2EFFA1B7A0DF800D0C6BB /* Sources */,
				54F2EFFB1B7A0DF800D0C6BB /* Frameworks */,
				54F2EFFC1B7A0DF800D0C6BB /* Resources */,
			);
			buildRules = (
			);
			dependencies = (
			);
			name = TipCalculator;
			productName = TipCalculator;
			productReference = 54F2EFFE1B7A0DF800D0C6BB /* TipCalculator.app */;
			productType = "com.apple.product-type.application";
		};
		54F2F0121B7A0DF800D0C6BB /* TipCalculatorTests */ = {
			isa = PBXNativeTarget;
			buildConfigurationList = 54F2F0201B7A0DF800D0C6BB /* Build configuration list for PBXNativeTarget "TipCalculatorTests" */;
			buildPhases = (
				54F2F00F1B7A0DF800D0C6BB /* Sources */,
				54F2F0101B7A0DF800D0C6BB /* Frameworks */,
				54F2F0111B7A0DF800D0C6BB /* Resources */,
			);
			buildRules = (
			);
			dependencies = (
				54F2F0151B7A0DF800D0C6BB /* PBXTargetDependency */,
			);
			name = TipCalculatorTests;
			productName = TipCalculatorTests;
			productReference = 54F2F0131B7A0DF800D0C6BB /* TipCalculatorTests.xctest */;
			productType = "com.apple.product-type.bundle.unit-test";
		};
/* End PBXNativeTarget section */

/* Begin PBXProject section */
		54F2EFF61B7A0DF800D0C6BB /* Project object */ = {
			isa = PBXProject;
			attributes = {
				LastUpgradeCheck = 0630;
				ORGANIZATIONNAME = "Nguyen Duy Hung";
				TargetAttributes = {
					54F2EFFD1B7A0DF800D0C6BB = {
						CreatedOnToolsVersion = 6.3.2;
					};
					54F2F0121B7A0DF800D0C6BB = {
						CreatedOnToolsVersion = 6.3.2;
						TestTargetID = 54F2EFFD1B7A0DF800D0C6BB;
					};
				};
			};
			buildConfigurationList = 54F2EFF91B7A0DF800D0C6BB /* Build configuration list for PBXProject "TipCalculator" */;
			compatibilityVersion = "Xcode 3.2";
			developmentRegion = English;
			hasScannedForEncodings = 0;
			knownRegions = (
				en,
				Base,
			);
			mainGroup = 54F2EFF51B7A0DF800D0C6BB;
			productRefGroup = 54F2EFFF1B7A0DF800D0C6BB /* Products */;
			projectDirPath = "";
			projectRoot = "";
			targets = (
				54F2EFFD1B7A0DF800D0C6BB /* TipCalculator */,
				54F2F0121B7A0DF800D0C6BB /* TipCalculatorTests */,
			);
		};
/* End PBXProject section */

/* Begin PBXResourcesBuildPhase section */
		54F2EFFC1B7A0DF800D0C6BB /* Resources */ = {
			isa = PBXResourcesBuildPhase;
			buildActionMask = 2147483647;
			files = (
				54F2F0091B7A0DF800D0C6BB /* Main.storyboard in Resources */,
				54F2F00E1B7A0DF800D0C6BB /* LaunchScreen.xib in Resources */,
				54F2F00B1B7A0DF800D0C6BB /* Images.xcassets in Resources */,
			);
			runOnlyForDeploymentPostprocessing = 0;
		};
		54F2F0111B7A0DF800D0C6BB /* Resources */ = {
			isa = PBXResourcesBuildPhase;
			buildActionMask = 2147483647;
			files = (
			);
			runOnlyForDeploymentPostprocessing = 0;
		};
/* End PBXResourcesBuildPhase section */

/* Begin PBXSourcesBuildPhase section */
		54F2EFFA1B7A0DF800D0C6BB /* Sources */ = {
			isa = PBXSourcesBuildPhase;
			buildActionMask = 2147483647;
			files = (
				54F2F0061B7A0DF800D0C6BB /* ViewController.swift in Sources */,
				54F2F0041B7A0DF800D0C6BB /* AppDelegate.swift in Sources */,
			);
			runOnlyForDeploymentPostprocessing = 0;
		};
		54F2F00F1B7A0DF800D0C6BB /* Sources */ = {
			isa = PBXSourcesBuildPhase;
			buildActionMask = 2147483647;
			files = (
				54F2F01A1B7A0DF800D0C6BB /* TipCalculatorTests.swift in Sources */,
			);
			runOnlyForDeploymentPostprocessing = 0;
		};
/* End PBXSourcesBuildPhase section */

/* Begin PBXTargetDependency section */
		54F2F0151B7A0DF800D0C6BB /* PBXTargetDependency */ = {
			isa = PBXTargetDependency;
			target = 54F2EFFD1B7A0DF800D0C6BB /* TipCalculator */;
			targetProxy = 54F2F0141B7A0DF800D0C6BB /* PBXContainerItemProxy */;
		};
/* End PBXTargetDependency section */

/* Begin PBXVariantGroup section */
		54F2F0071B7A0DF800D0C6BB /* Main.storyboard */ = {
			isa = PBXVariantGroup;
			children = (
				54F2F0081B7A0DF800D0C6BB /* Base */,
			);
			name = Main.storyboard;
			sourceTree = "<group>";
		};
		54F2F00C1B7A0DF800D0C6BB /* LaunchScreen.xib */ = {
			isa = PBXVariantGroup;
			children = (
				54F2F00D1B7A0DF800D0C6BB /* Base */,
			);
			name = LaunchScreen.xib;
			sourceTree = "<group>";
		};
/* End PBXVariantGroup section */

/* Begin XCBuildConfiguration section */
		54F2F01B1B7A0DF800D0C6BB /* Debug */ = {
			isa = XCBuildConfiguration;
			buildSettings = {
				ALWAYS_SEARCH_USER_PATHS = NO;
				CLANG_CXX_LANGUAGE_STANDARD = "gnu++0x";
				CLANG_CXX_LIBRARY = "libc++";
				CLANG_ENABLE_MODULES = YES;
				CLANG_ENABLE_OBJC_ARC = YES;
				CLANG_WARN_BOOL_CONVERSION = YES;
				CLANG_WARN_CONSTANT_CONVERSION = YES;
				CLANG_WARN_DIRECT_OBJC_ISA_USAGE = YES_ERROR;
				CLANG_WARN_EMPTY_BODY = YES;
				CLANG_WARN_ENUM_CONVERSION = YES;
				CLANG_WARN_INT_CONVERSION = YES;
				CLANG_WARN_OBJC_ROOT_CLASS = YES_ERROR;
				CLANG_WARN_UNREACHABLE_CODE = YES;
				CLANG_WARN__DUPLICATE_METHOD_MATCH = YES;
				"CODE_SIGN_IDENTITY[sdk=iphoneos*]" = "iPhone Developer";
				COPY_PHASE_STRIP = NO;
				DEBUG_INFORMATION_FORMAT = "dwarf-with-dsym";
				ENABLE_STRICT_OBJC_MSGSEND = YES;
				GCC_C_LANGUAGE_STANDARD = gnu99;
				GCC_DYNAMIC_NO_PIC = NO;
				GCC_NO_COMMON_BLOCKS = YES;
				GCC_OPTIMIZATION_LEVEL = 0;
				GCC_PREPROCESSOR_DEFINITIONS = (
					"DEBUG=1",
					"$(inherited)",
				);
				GCC_SYMBOLS_PRIVATE_EXTERN = NO;
				GCC_WARN_64_TO_32_BIT_CONVERSION = YES;
				GCC_WARN_ABOUT_RETURN_TYPE = YES_ERROR;
				GCC_WARN_UNDECLARED_SELECTOR = YES;
				GCC_WARN_UNINITIALIZED_AUTOS = YES_AGGRESSIVE;
				GCC_WARN_UNUSED_FUNCTION = YES;
				GCC_WARN_UNUSED_VARIABLE = YES;
				IPHONEOS_DEPLOYMENT_TARGET = 8.3;
				MTL_ENABLE_DEBUG_INFO = YES;
				ONLY_ACTIVE_ARCH = YES;
				SDKROOT = iphoneos;
				SWIFT_OPTIMIZATION_LEVEL = "-Onone";
			};
			name = Debug;
		};
		54F2F01C1B7A0DF800D0C6BB /* Release */ = {
			isa = XCBuildConfiguration;
			buildSettings = {
				ALWAYS_SEARCH_USER_PATHS = NO;
				CLANG_CXX_LANGUAGE_STANDARD = "gnu++0x";
				CLANG_CXX_LIBRARY = "libc++";
				CLANG_ENABLE_MODULES = YES;
				CLANG_ENABLE_OBJC_ARC = YES;
				CLANG_WARN_BOOL_CONVERSION = YES;
				CLANG_WARN_CONSTANT_CONVERSION = YES;
				CLANG_WARN_DIRECT_OBJC_ISA_USAGE = YES_ERROR;
				CLANG_WARN_EMPTY_BODY = YES;
				CLANG_WARN_ENUM_CONVERSION = YES;
				CLANG_WARN_INT_CONVERSION = YES;
				CLANG_WARN_OBJC_ROOT_CLASS = YES_ERROR;
				CLANG_WARN_UNREACHABLE_CODE = YES;
				CLANG_WARN__DUPLICATE_METHOD_MATCH = YES;
				"CODE_SIGN_IDENTITY[sdk=iphoneos*]" = "iPhone Developer";
				COPY_PHASE_STRIP = NO;
				DEBUG_INFORMATION_FORMAT = "dwarf-with-dsym";
				ENABLE_NS_ASSERTIONS = NO;
				ENABLE_STRICT_OBJC_MSGSEND = YES;
				GCC_C_LANGUAGE_STANDARD = gnu99;
				GCC_NO_COMMON_BLOCKS = YES;
				GCC_WARN_64_TO_32_BIT_CONVERSION = YES;
				GCC_WARN_ABOUT_RETURN_TYPE = YES_ERROR;
				GCC_WARN_UNDECLARED_SELECTOR = YES;
				GCC_WARN_UNINITIALIZED_AUTOS = YES_AGGRESSIVE;
				GCC_WARN_UNUSED_FUNCTION = YES;
				GCC_WARN_UNUSED_VARIABLE = YES;
				IPHONEOS_DEPLOYMENT_TARGET = 8.3;
				MTL_ENABLE_DEBUG_INFO = NO;
				SDKROOT = iphoneos;
				VALIDATE_PRODUCT = YES;
			};
			name = Release;
		};
		54F2F01E1B7A0DF800D0C6BB /* Debug */ = {
			isa = XCBuildConfiguration;
			buildSettings = {
				ASSETCATALOG_COMPILER_APPICON_NAME = AppIcon;
				INFOPLIST_FILE = TipCalculator/Info.plist;
				IPHONEOS_DEPLOYMENT_TARGET = 8.0;
				LD_RUNPATH_SEARCH_PATHS = "$(inherited) @executable_path/Frameworks";
				PRODUCT_NAME = "$(TARGET_NAME)";
			};
			name = Debug;
		};
		54F2F01F1B7A0DF800D0C6BB /* Release */ = {
			isa = XCBuildConfiguration;
			buildSettings = {
				ASSETCATALOG_COMPILER_APPICON_NAME = AppIcon;
				INFOPLIST_FILE = TipCalculator/Info.plist;
				IPHONEOS_DEPLOYMENT_TARGET = 8.0;
				LD_RUNPATH_SEARCH_PATHS = "$(inherited) @executable_path/Frameworks";
				PRODUCT_NAME = "$(TARGET_NAME)";
			};
			name = Release;
		};
		54F2F0211B7A0DF800D0C6BB /* Debug */ = {
			isa = XCBuildConfiguration;
			buildSettings = {
				BUNDLE_LOADER = "$(TEST_HOST)";
				FRAMEWORK_SEARCH_PATHS = (
					"$(SDKROOT)/Developer/Library/Frameworks",
					"$(inherited)",
				);
				GCC_PREPROCESSOR_DEFINITIONS = (
					"DEBUG=1",
					"$(inherited)",
				);
				INFOPLIST_FILE = TipCalculatorTests/Info.plist;
				LD_RUNPATH_SEARCH_PATHS = "$(inherited) @executable_path/Frameworks @loader_path/Frameworks";
				PRODUCT_NAME = "$(TARGET_NAME)";
				TEST_HOST = "$(BUILT_PRODUCTS_DIR)/TipCalculator.app/TipCalculator";
			};
			name = Debug;
		};
		54F2F0221B7A0DF800D0C6BB /* Release */ = {
			isa = XCBuildConfiguration;
			buildSettings = {
				BUNDLE_LOADER = "$(TEST_HOST)";
				FRAMEWORK_SEARCH_PATHS = (
					"$(SDKROOT)/Developer/Library/Frameworks",
					"$(inherited)",
				);
				INFOPLIST_FILE = TipCalculatorTests/Info.plist;
				LD_RUNPATH_SEARCH_PATHS = "$(inherited) @executable_path/Frameworks @loader_path/Frameworks";
				PRODUCT_NAME = "$(TARGET_NAME)";
				TEST_HOST = "$(BUILT_PRODUCTS_DIR)/TipCalculator.app/TipCalculator";
			};
			name = Release;
		};
/* End XCBuildConfiguration section */

/* Begin XCConfigurationList section */
		54F2EFF91B7A0DF800D0C6BB /* Build configuration list for PBXProject "TipCalculator" */ = {
			isa = XCConfigurationList;
			buildConfigurations = (
				54F2F01B1B7A0DF800D0C6BB /* Debug */,
				54F2F01C1B7A0DF800D0C6BB /* Release */,
			);
			defaultConfigurationIsVisible = 0;
			defaultConfigurationName = Release;
		};
		54F2F01D1B7A0DF800D0C6BB /* Build configuration list for PBXNativeTarget "TipCalculator" */ = {
			isa = XCConfigurationList;
			buildConfigurations = (
				54F2F01E1B7A0DF800D0C6BB /* Debug */,
				54F2F01F1B7A0DF800D0C6BB /* Release */,
			);
			defaultConfigurationIsVisible = 0;
			defaultConfigurationName = Release;
		};
		54F2F0201B7A0DF800D0C6BB /* Build configuration list for PBXNativeTarget "TipCalculatorTests" */ = {
			isa = XCConfigurationList;
			buildConfigurations = (
				54F2F0211B7A0DF800D0C6BB /* Debug */,
				54F2F0221B7A0DF800D0C6BB /* Release */,
			);
			defaultConfigurationIsVisible = 0;
			defaultConfigurationName = Release;
		};
/* End XCConfigurationList section */
	};
	rootObject = 54F2EFF61B7A0DF800D0C6BB /* Project object */;
}
